
Microsoft Visual Studio Solution File, Format Version 12.00
# Visual Studio Version 17
VisualStudioVersion = 17.9.34728.123
MinimumVisualStudioVersion = 10.0.40219.1
Project("{FAE04EC0-301F-11D3-BF4B-00C04F79EFBC}") = "pokedex-wep", "pokedex-wep\pokedex-wep.csproj", "{F65F0708-6558-41FE-BEE9-1B6AB8FF9C09}"
EndProject
Global
	GlobalSection(SolutionConfigurationPlatforms) = preSolution
		Debug|Any CPU = Debug|Any CPU
		Release|Any CPU = Release|Any CPU
	EndGlobalSection
	GlobalSection(ProjectConfigurationPlatforms) = postSolution
		{F65F0708-6558-41FE-BEE9-1B6AB8FF9C09}.Debug|Any CPU.ActiveCfg = Debug|Any CPU
		{F65F0708-6558-41FE-BEE9-1B6AB8FF9C09}.Debug|Any CPU.Build.0 = Debug|Any CPU
		{F65F0708-6558-41FE-BEE9-1B6AB8FF9C09}.Release|Any CPU.ActiveCfg = Release|Any CPU
		{F65F0708-6558-41FE-BEE9-1B6AB8FF9C09}.Release|Any CPU.Build.0 = Release|Any CPU
	EndGlobalSection
	GlobalSection(SolutionProperties) = preSolution
		HideSolutionNode = FALSE
	EndGlobalSection
	GlobalSection(ExtensibilityGlobals) = postSolution
		SolutionGuid = {92C0E5E4-7BC0-4FEE-B035-3529C2EBCA50}
	EndGlobalSection
EndGlobal
